
Microsoft Visual Studio Solution File, Format Version 12.00
# Visual Studio Version 16
VisualStudioVersion = 16.0.30711.63
MinimumVisualStudioVersion = 10.0.40219.1
Project("{8BC9CEB8-8B4A-11D0-8D11-00A0C91BC942}") = "Maze", "Maze.vcxproj", "{BE545BF3-7045-4F02-B654-611569A4668E}"
EndProject
Global
	GlobalSection(SolutionConfigurationPlatforms) = preSolution
		Debug|x64 = Debug|x64
		Debug|x86 = Debug|x86
		Release|x64 = Release|x64
		Release|x86 = Release|x86
	EndGlobalSection
	GlobalSection(ProjectConfigurationPlatforms) = postSolution
		{BE545BF3-7045-4F02-B654-611569A4668E}.Debug|x64.ActiveCfg = Debug|x64
		{BE545BF3-7045-4F02-B654-611569A4668E}.Debug|x64.Build.0 = Debug|x64
		{BE545BF3-7045-4F02-B654-611569A4668E}.Debug|x86.ActiveCfg = Debug|Win32
		{BE545BF3-7045-4F02-B654-611569A4668E}.Debug|x86.Build.0 = Debug|Win32
		{BE545BF3-7045-4F02-B654-611569A4668E}.Release|x64.ActiveCfg = Release|x64
		{BE545BF3-7045-4F02-B654-611569A4668E}.Release|x64.Build.0 = Release|x64
		{BE545BF3-7045-4F02-B654-611569A4668E}.Release|x86.ActiveCfg = Release|Win32
		{BE545BF3-7045-4F02-B654-611569A4668E}.Release|x86.Build.0 = Release|Win32
	EndGlobalSection
	GlobalSection(SolutionProperties) = preSolution
		HideSolutionNode = FALSE
	EndGlobalSection
	GlobalSection(ExtensibilityGlobals) = postSolution
		SolutionGuid = {6826CD6E-E88B-4521-8384-ED433D41631B}
	EndGlobalSection
EndGlobal
